
Microsoft Visual Studio Solution File, Format Version 11.00
# Visual Studio 2010
Project("{2150E333-8FDC-42A3-9474-1A3956D46DE8}") = "Service", "Service", "{8BA206E2-C650-41F4-9904-7E5CDE950ECD}"
EndProject
Project("{2150E333-8FDC-42A3-9474-1A3956D46DE8}") = "Database", "Database", "{DE5EB7DF-5D54-47DC-8973-CD98584303AE}"
EndProject
Project("{2150E333-8FDC-42A3-9474-1A3956D46DE8}") = "Application", "Application", "{E0A15AD2-7AC6-48DA-89B3-9596CB5ED23F}"
EndProject
Project("{2150E333-8FDC-42A3-9474-1A3956D46DE8}") = "Distributed Services", "Distributed Services", "{EE39B6FA-875F-4627-A92A-3E20939547C0}"
EndProject
Project("{2150E333-8FDC-42A3-9474-1A3956D46DE8}") = "Domain", "Domain", "{ABC99028-A4E9-422A-9B9D-7883E879CBD8}"
EndProject
Project("{2150E333-8FDC-42A3-9474-1A3956D46DE8}") = "Infrastructure", "Infrastructure", "{B3F7067D-C057-43F5-BBBD-79B0D03C5555}"
EndProject
Project("{2150E333-8FDC-42A3-9474-1A3956D46DE8}") = "Cross Cutting", "Cross Cutting", "{1570D4CB-E1AB-43D4-88EC-71674CC75F87}"
EndProject
Project("{2150E333-8FDC-42A3-9474-1A3956D46DE8}") = "Data", "Data", "{F6810B5C-D613-408F-889F-FAC6C529C08F}"
EndProject
Project("{2150E333-8FDC-42A3-9474-1A3956D46DE8}") = "Core", "Core", "{030D9C9D-9F07-4D38-9EFE-D0FA4816BED4}"
EndProject
Project("{2150E333-8FDC-42A3-9474-1A3956D46DE8}") = "MainModule", "MainModule", "{80EE4FD8-341C-474E-B2E5-BBB87B075F8E}"
EndProject
Project("{2150E333-8FDC-42A3-9474-1A3956D46DE8}") = "Core", "Core", "{7D87A33C-D830-472F-A9AB-7FF7BA6A68B0}"
EndProject
Project("{2150E333-8FDC-42A3-9474-1A3956D46DE8}") = "MainModule", "MainModule", "{8E559E94-23D3-410F-9E11-59E0DA13A14F}"
EndProject
Project("{FAE04EC0-301F-11D3-BF4B-00C04F79EFBC}") = "Domain.Core", "Domain.Core\Domain.Core.csproj", "{E7E40CC5-B742-4E50-99C6-BAB04C8F08E6}"
EndProject
Project("{FAE04EC0-301F-11D3-BF4B-00C04F79EFBC}") = "Domain.Core.Tests", "Domain.Core.Tests\Domain.Core.Tests.csproj", "{B49F3D59-F898-40E1-8A24-81FD3D095FDA}"
EndProject
Project("{FAE04EC0-301F-11D3-BF4B-00C04F79EFBC}") = "Domain.MainModule", "Domain.MainModule\Domain.MainModule.csproj", "{F4315098-32AD-4B7F-8869-CE58E58B58B3}"
EndProject
Project("{FAE04EC0-301F-11D3-BF4B-00C04F79EFBC}") = "Domain.MainModule.Tests", "Domain.MainModule.Tests\Domain.MainModule.Tests.csproj", "{8999743B-F70A-4089-8E37-D0D481FEBB96}"
EndProject
Project("{FAE04EC0-301F-11D3-BF4B-00C04F79EFBC}") = "Domain.MainModule.Entities", "Domain.MainModule.Entities\Domain.MainModule.Entities.csproj", "{ECE56A8F-FDE3-4A28-90A3-A774457A4807}"
EndProject
Project("{FAE04EC0-301F-11D3-BF4B-00C04F79EFBC}") = "Infrastructure.CrossCutting.IoC", "Infrastructure.CrossCutting.IoC\Infrastructure.CrossCutting.IoC.csproj", "{C324EDCA-F080-4B3B-A1FF-D0F279DB740B}"
EndProject
Project("{FAE04EC0-301F-11D3-BF4B-00C04F79EFBC}") = "Infrastructure.Data.MainModule", "Infrastructure.Data.MainModule\Infrastructure.Data.MainModule.csproj", "{C954C58C-854B-447E-A421-29B8C43CBC26}"
EndProject
Project("{FAE04EC0-301F-11D3-BF4B-00C04F79EFBC}") = "Infrastructure.Data.MainModule.Mock", "Infrastructure.Data.MainModule.Mock\Infrastructure.Data.MainModule.Mock.csproj", "{B334FED2-9527-4E36-9851-8794D92EEEEC}"
EndProject
Project("{FAE04EC0-301F-11D3-BF4B-00C04F79EFBC}") = "Infrastructure.Data.MainModule.Tests", "Infrastructure.Data.MainModule.Tests\Infrastructure.Data.MainModule.Tests.csproj", "{2BDE9B43-242D-432E-B1B4-BE325584D238}"
EndProject
Project("{FAE04EC0-301F-11D3-BF4B-00C04F79EFBC}") = "DistributedServices.Deployment", "DistributedServices.Deployment\DistributedServices.Deployment.csproj", "{9F50D542-E5AE-40C8-95B4-BA6CE6074FAB}"
EndProject
Project("{FAE04EC0-301F-11D3-BF4B-00C04F79EFBC}") = "DistributedServices.MainModule", "DistributedServices.MainModule\DistributedServices.MainModule.csproj", "{4A344683-22D3-4AF2-8EE0-7940AE8DC519}"
EndProject
Global
	GlobalSection(SolutionConfigurationPlatforms) = preSolution
		Debug|Any CPU = Debug|Any CPU
		Release|Any CPU = Release|Any CPU
	EndGlobalSection
	GlobalSection(ProjectConfigurationPlatforms) = postSolution
		{E7E40CC5-B742-4E50-99C6-BAB04C8F08E6}.Debug|Any CPU.ActiveCfg = Debug|Any CPU
		{E7E40CC5-B742-4E50-99C6-BAB04C8F08E6}.Debug|Any CPU.Build.0 = Debug|Any CPU
		{E7E40CC5-B742-4E50-99C6-BAB04C8F08E6}.Release|Any CPU.ActiveCfg = Release|Any CPU
		{E7E40CC5-B742-4E50-99C6-BAB04C8F08E6}.Release|Any CPU.Build.0 = Release|Any CPU
		{B49F3D59-F898-40E1-8A24-81FD3D095FDA}.Debug|Any CPU.ActiveCfg = Debug|Any CPU
		{B49F3D59-F898-40E1-8A24-81FD3D095FDA}.Debug|Any CPU.Build.0 = Debug|Any CPU
		{B49F3D59-F898-40E1-8A24-81FD3D095FDA}.Release|Any CPU.ActiveCfg = Release|Any CPU
		{B49F3D59-F898-40E1-8A24-81FD3D095FDA}.Release|Any CPU.Build.0 = Release|Any CPU
		{F4315098-32AD-4B7F-8869-CE58E58B58B3}.Debug|Any CPU.ActiveCfg = Debug|Any CPU
		{F4315098-32AD-4B7F-8869-CE58E58B58B3}.Debug|Any CPU.Build.0 = Debug|Any CPU
		{F4315098-32AD-4B7F-8869-CE58E58B58B3}.Release|Any CPU.ActiveCfg = Release|Any CPU
		{F4315098-32AD-4B7F-8869-CE58E58B58B3}.Release|Any CPU.Build.0 = Release|Any CPU
		{8999743B-F70A-4089-8E37-D0D481FEBB96}.Debug|Any CPU.ActiveCfg = Debug|Any CPU
		{8999743B-F70A-4089-8E37-D0D481FEBB96}.Debug|Any CPU.Build.0 = Debug|Any CPU
		{8999743B-F70A-4089-8E37-D0D481FEBB96}.Release|Any CPU.ActiveCfg = Release|Any CPU
		{8999743B-F70A-4089-8E37-D0D481FEBB96}.Release|Any CPU.Build.0 = Release|Any CPU
		{ECE56A8F-FDE3-4A28-90A3-A774457A4807}.Debug|Any CPU.ActiveCfg = Debug|Any CPU
		{ECE56A8F-FDE3-4A28-90A3-A774457A4807}.Debug|Any CPU.Build.0 = Debug|Any CPU
		{ECE56A8F-FDE3-4A28-90A3-A774457A4807}.Release|Any CPU.ActiveCfg = Release|Any CPU
		{ECE56A8F-FDE3-4A28-90A3-A774457A4807}.Release|Any CPU.Build.0 = Release|Any CPU
		{C324EDCA-F080-4B3B-A1FF-D0F279DB740B}.Debug|Any CPU.ActiveCfg = Debug|Any CPU
		{C324EDCA-F080-4B3B-A1FF-D0F279DB740B}.Debug|Any CPU.Build.0 = Debug|Any CPU
		{C324EDCA-F080-4B3B-A1FF-D0F279DB740B}.Release|Any CPU.ActiveCfg = Release|Any CPU
		{C324EDCA-F080-4B3B-A1FF-D0F279DB740B}.Release|Any CPU.Build.0 = Release|Any CPU
		{C954C58C-854B-447E-A421-29B8C43CBC26}.Debug|Any CPU.ActiveCfg = Debug|Any CPU
		{C954C58C-854B-447E-A421-29B8C43CBC26}.Debug|Any CPU.Build.0 = Debug|Any CPU
		{C954C58C-854B-447E-A421-29B8C43CBC26}.Release|Any CPU.ActiveCfg = Release|Any CPU
		{C954C58C-854B-447E-A421-29B8C43CBC26}.Release|Any CPU.Build.0 = Release|Any CPU
		{B334FED2-9527-4E36-9851-8794D92EEEEC}.Debug|Any CPU.ActiveCfg = Debug|Any CPU
		{B334FED2-9527-4E36-9851-8794D92EEEEC}.Debug|Any CPU.Build.0 = Debug|Any CPU
		{B334FED2-9527-4E36-9851-8794D92EEEEC}.Release|Any CPU.ActiveCfg = Release|Any CPU
		{B334FED2-9527-4E36-9851-8794D92EEEEC}.Release|Any CPU.Build.0 = Release|Any CPU
		{2BDE9B43-242D-432E-B1B4-BE325584D238}.Debug|Any CPU.ActiveCfg = Debug|Any CPU
		{2BDE9B43-242D-432E-B1B4-BE325584D238}.Debug|Any CPU.Build.0 = Debug|Any CPU
		{2BDE9B43-242D-432E-B1B4-BE325584D238}.Release|Any CPU.ActiveCfg = Release|Any CPU
		{2BDE9B43-242D-432E-B1B4-BE325584D238}.Release|Any CPU.Build.0 = Release|Any CPU
		{9F50D542-E5AE-40C8-95B4-BA6CE6074FAB}.Debug|Any CPU.ActiveCfg = Debug|Any CPU
		{9F50D542-E5AE-40C8-95B4-BA6CE6074FAB}.Debug|Any CPU.Build.0 = Debug|Any CPU
		{9F50D542-E5AE-40C8-95B4-BA6CE6074FAB}.Release|Any CPU.ActiveCfg = Release|Any CPU
		{9F50D542-E5AE-40C8-95B4-BA6CE6074FAB}.Release|Any CPU.Build.0 = Release|Any CPU
		{4A344683-22D3-4AF2-8EE0-7940AE8DC519}.Debug|Any CPU.ActiveCfg = Debug|Any CPU
		{4A344683-22D3-4AF2-8EE0-7940AE8DC519}.Debug|Any CPU.Build.0 = Debug|Any CPU
		{4A344683-22D3-4AF2-8EE0-7940AE8DC519}.Release|Any CPU.ActiveCfg = Release|Any CPU
		{4A344683-22D3-4AF2-8EE0-7940AE8DC519}.Release|Any CPU.Build.0 = Release|Any CPU
	EndGlobalSection
	GlobalSection(SolutionProperties) = preSolution
		HideSolutionNode = FALSE
	EndGlobalSection
	GlobalSection(NestedProjects) = preSolution
		{E0A15AD2-7AC6-48DA-89B3-9596CB5ED23F} = {8BA206E2-C650-41F4-9904-7E5CDE950ECD}
		{EE39B6FA-875F-4627-A92A-3E20939547C0} = {8BA206E2-C650-41F4-9904-7E5CDE950ECD}
		{ABC99028-A4E9-422A-9B9D-7883E879CBD8} = {8BA206E2-C650-41F4-9904-7E5CDE950ECD}
		{B3F7067D-C057-43F5-BBBD-79B0D03C5555} = {8BA206E2-C650-41F4-9904-7E5CDE950ECD}
		{7D87A33C-D830-472F-A9AB-7FF7BA6A68B0} = {EE39B6FA-875F-4627-A92A-3E20939547C0}
		{8E559E94-23D3-410F-9E11-59E0DA13A14F} = {EE39B6FA-875F-4627-A92A-3E20939547C0}
		{9F50D542-E5AE-40C8-95B4-BA6CE6074FAB} = {EE39B6FA-875F-4627-A92A-3E20939547C0}
		{030D9C9D-9F07-4D38-9EFE-D0FA4816BED4} = {ABC99028-A4E9-422A-9B9D-7883E879CBD8}
		{80EE4FD8-341C-474E-B2E5-BBB87B075F8E} = {ABC99028-A4E9-422A-9B9D-7883E879CBD8}
		{1570D4CB-E1AB-43D4-88EC-71674CC75F87} = {B3F7067D-C057-43F5-BBBD-79B0D03C5555}
		{F6810B5C-D613-408F-889F-FAC6C529C08F} = {B3F7067D-C057-43F5-BBBD-79B0D03C5555}
		{C324EDCA-F080-4B3B-A1FF-D0F279DB740B} = {1570D4CB-E1AB-43D4-88EC-71674CC75F87}
		{C954C58C-854B-447E-A421-29B8C43CBC26} = {F6810B5C-D613-408F-889F-FAC6C529C08F}
		{B334FED2-9527-4E36-9851-8794D92EEEEC} = {F6810B5C-D613-408F-889F-FAC6C529C08F}
		{2BDE9B43-242D-432E-B1B4-BE325584D238} = {F6810B5C-D613-408F-889F-FAC6C529C08F}
		{E7E40CC5-B742-4E50-99C6-BAB04C8F08E6} = {030D9C9D-9F07-4D38-9EFE-D0FA4816BED4}
		{B49F3D59-F898-40E1-8A24-81FD3D095FDA} = {030D9C9D-9F07-4D38-9EFE-D0FA4816BED4}
		{F4315098-32AD-4B7F-8869-CE58E58B58B3} = {80EE4FD8-341C-474E-B2E5-BBB87B075F8E}
		{8999743B-F70A-4089-8E37-D0D481FEBB96} = {80EE4FD8-341C-474E-B2E5-BBB87B075F8E}
		{ECE56A8F-FDE3-4A28-90A3-A774457A4807} = {80EE4FD8-341C-474E-B2E5-BBB87B075F8E}
		{4A344683-22D3-4AF2-8EE0-7940AE8DC519} = {8E559E94-23D3-410F-9E11-59E0DA13A14F}
	EndGlobalSection
EndGlobal
